
Microsoft Visual Studio Solution File, Format Version 12.00
# Visual Studio Version 17
VisualStudioVersion = 17.6.33829.357
MinimumVisualStudioVersion = 10.0.40219.1
Project("{FAE04EC0-301F-11D3-BF4B-00C04F79EFBC}") = "dragon-cli", "dragon-cli\dragon-cli.csproj", "{9D5C39BF-1E28-4166-B58D-35545E60D8AC}"
EndProject
Global
	GlobalSection(SolutionConfigurationPlatforms) = preSolution
		Debug|Any CPU = Debug|Any CPU
		Release|Any CPU = Release|Any CPU
	EndGlobalSection
	GlobalSection(ProjectConfigurationPlatforms) = postSolution
		{9D5C39BF-1E28-4166-B58D-35545E60D8AC}.Debug|Any CPU.ActiveCfg = Debug|Any CPU
		{9D5C39BF-1E28-4166-B58D-35545E60D8AC}.Debug|Any CPU.Build.0 = Debug|Any CPU
		{9D5C39BF-1E28-4166-B58D-35545E60D8AC}.Release|Any CPU.ActiveCfg = Release|Any CPU
		{9D5C39BF-1E28-4166-B58D-35545E60D8AC}.Release|Any CPU.Build.0 = Release|Any CPU
	EndGlobalSection
	GlobalSection(SolutionProperties) = preSolution
		HideSolutionNode = FALSE
	EndGlobalSection
	GlobalSection(ExtensibilityGlobals) = postSolution
		SolutionGuid = {AB43385C-BF88-4A35-BCFC-0FD4A3EA9092}
	EndGlobalSection
EndGlobal
